
Microsoft Visual Studio Solution File, Format Version 12.00
Project("{FAE04EC0-301F-11D3-BF4B-00C04F79EFBC}") = "OldPhonePad", "OldPhonePad\OldPhonePad.csproj", "{8D7E410C-B098-4CFF-9BF7-E686A423CFB8}"
EndProject
Project("{FAE04EC0-301F-11D3-BF4B-00C04F79EFBC}") = "OldPhonePad.Console", "OldPhonePad.Console\OldPhonePad.Console.csproj", "{544E7829-5AFE-4154-86C9-2FCEE0864061}"
	ProjectSection(ProjectDependencies) = postProject
		{8D7E410C-B098-4CFF-9BF7-E686A423CFB8} = {8D7E410C-B098-4CFF-9BF7-E686A423CFB8}
	EndProjectSection
EndProject
Project("{FAE04EC0-301F-11D3-BF4B-00C04F79EFBC}") = "OldPhonePad.Tests", "OldPhonePad.Tests\OldPhonePad.Tests.csproj", "{996F62CD-9450-4414-A706-A72A225BFE60}"
	ProjectSection(ProjectDependencies) = postProject
		{8D7E410C-B098-4CFF-9BF7-E686A423CFB8} = {8D7E410C-B098-4CFF-9BF7-E686A423CFB8}
	EndProjectSection
EndProject
Global
	GlobalSection(SolutionConfigurationPlatforms) = preSolution
		Debug|Any CPU = Debug|Any CPU
		Release|Any CPU = Release|Any CPU
	EndGlobalSection
	GlobalSection(ProjectConfigurationPlatforms) = postSolution
		{8D7E410C-B098-4CFF-9BF7-E686A423CFB8}.Debug|Any CPU.ActiveCfg = Debug|Any CPU
		{8D7E410C-B098-4CFF-9BF7-E686A423CFB8}.Debug|Any CPU.Build.0 = Debug|Any CPU
		{8D7E410C-B098-4CFF-9BF7-E686A423CFB8}.Release|Any CPU.ActiveCfg = Release|Any CPU
		{8D7E410C-B098-4CFF-9BF7-E686A423CFB8}.Release|Any CPU.Build.0 = Release|Any CPU
		{544E7829-5AFE-4154-86C9-2FCEE0864061}.Debug|Any CPU.ActiveCfg = Debug|Any CPU
		{544E7829-5AFE-4154-86C9-2FCEE0864061}.Debug|Any CPU.Build.0 = Debug|Any CPU
		{544E7829-5AFE-4154-86C9-2FCEE0864061}.Release|Any CPU.ActiveCfg = Release|Any CPU
		{544E7829-5AFE-4154-86C9-2FCEE0864061}.Release|Any CPU.Build.0 = Release|Any CPU
		{996F62CD-9450-4414-A706-A72A225BFE60}.Debug|Any CPU.ActiveCfg = Debug|Any CPU
		{996F62CD-9450-4414-A706-A72A225BFE60}.Debug|Any CPU.Build.0 = Debug|Any CPU
		{996F62CD-9450-4414-A706-A72A225BFE60}.Release|Any CPU.ActiveCfg = Release|Any CPU
		{996F62CD-9450-4414-A706-A72A225BFE60}.Release|Any CPU.Build.0 = Release|Any CPU
	EndGlobalSection
EndGlobal
